
Microsoft Visual Studio Solution File, Format Version 12.00
# Visual Studio Version 17
VisualStudioVersion = 17.9.34728.123
MinimumVisualStudioVersion = 10.0.40219.1
Project("{9A19103F-16F7-4668-BE54-9A1E7A4F7556}") = "VanillaFlexibility", "VanillaFlexibility.csproj", "{A5DE3CA2-1E94-4F92-88D0-6A339C971575}"
EndProject
Global
	GlobalSection(SolutionConfigurationPlatforms) = preSolution
		Debug|Any CPU = Debug|Any CPU
		Release|Any CPU = Release|Any CPU
	EndGlobalSection
	GlobalSection(ProjectConfigurationPlatforms) = postSolution
		{A5DE3CA2-1E94-4F92-88D0-6A339C971575}.Debug|Any CPU.ActiveCfg = Debug|Any CPU
		{A5DE3CA2-1E94-4F92-88D0-6A339C971575}.Debug|Any CPU.Build.0 = Debug|Any CPU
		{A5DE3CA2-1E94-4F92-88D0-6A339C971575}.Release|Any CPU.ActiveCfg = Release|Any CPU
		{A5DE3CA2-1E94-4F92-88D0-6A339C971575}.Release|Any CPU.Build.0 = Release|Any CPU
	EndGlobalSection
	GlobalSection(SolutionProperties) = preSolution
		HideSolutionNode = FALSE
	EndGlobalSection
	GlobalSection(ExtensibilityGlobals) = postSolution
		SolutionGuid = {E3FB6EFC-2197-4EE8-966E-167E31CF42A0}
	EndGlobalSection
EndGlobal
